
Microsoft Visual Studio Solution File, Format Version 12.00
# Visual Studio Version 17
VisualStudioVersion = 17.13.35913.81 d17.13
MinimumVisualStudioVersion = 10.0.40219.1
Project("{FAE04EC0-301F-11D3-BF4B-00C04F79EFBC}") = "laba8.1", "laba8.1.csproj", "{EF6AF829-4406-4191-8437-36BA79220868}"
EndProject
Global
	GlobalSection(SolutionConfigurationPlatforms) = preSolution
		Debug|Any CPU = Debug|Any CPU
		Release|Any CPU = Release|Any CPU
	EndGlobalSection
	GlobalSection(ProjectConfigurationPlatforms) = postSolution
		{EF6AF829-4406-4191-8437-36BA79220868}.Debug|Any CPU.ActiveCfg = Debug|Any CPU
		{EF6AF829-4406-4191-8437-36BA79220868}.Debug|Any CPU.Build.0 = Debug|Any CPU
		{EF6AF829-4406-4191-8437-36BA79220868}.Release|Any CPU.ActiveCfg = Release|Any CPU
		{EF6AF829-4406-4191-8437-36BA79220868}.Release|Any CPU.Build.0 = Release|Any CPU
	EndGlobalSection
	GlobalSection(SolutionProperties) = preSolution
		HideSolutionNode = FALSE
	EndGlobalSection
	GlobalSection(ExtensibilityGlobals) = postSolution
		SolutionGuid = {9133391C-A043-4BA3-AE03-FCFE8D5180A3}
	EndGlobalSection
EndGlobal
